// !$*UTF8*$!
{
	archiveVersion = 1;
	classes = {
	};
	objectVersion = 46;
	objects = {

/* Begin PBXBuildFile section */
		2237E64A192B0177001E1393 /* Cocoa.framework in Frameworks */ = {isa = PBXBuildFile; fileRef = 2237E649192B0177001E1393 /* Cocoa.framework */; };
		2237E67E192B0186001E1393 /* WebKit.framework in Frameworks */ = {isa = PBXBuildFile; fileRef = 2237E67D192B0186001E1393 /* WebKit.framework */; };
		2237E680192B018D001E1393 /* JavaScriptCore.framework in Frameworks */ = {isa = PBXBuildFile; fileRef = 2237E67F192B018D001E1393 /* JavaScriptCore.framework */; };
		2237E6EF192BAF85001E1393 /* public in Resources */ = {isa = PBXBuildFile; fileRef = 2237E6EE192BAF85001E1393 /* public */; };
		226AE65D193AA8FC00B15FB7 /* Sound.m in Sources */ = {isa = PBXBuildFile; fileRef = 226AE65C193AA8FC00B15FB7 /* Sound.m */; };
		22A676E71944B140002F81FB /* File.m in Sources */ = {isa = PBXBuildFile; fileRef = 22A676E61944B140002F81FB /* File.m */; };
		22B1CF2B1937734B00D2C294 /* AppDelegate.m in Sources */ = {isa = PBXBuildFile; fileRef = 22B1CEF51937734B00D2C294 /* AppDelegate.m */; };
		22B1CF2C1937734B00D2C294 /* MainMenu.xib in Resources */ = {isa = PBXBuildFile; fileRef = 22B1CEF61937734B00D2C294 /* MainMenu.xib */; };
		22B1CF2D1937734B00D2C294 /* MainWindow.xib in Resources */ = {isa = PBXBuildFile; fileRef = 22B1CEF81937734B00D2C294 /* MainWindow.xib */; };
		22B1CF2E1937734B00D2C294 /* JSON.m in Sources */ = {isa = PBXBuildFile; fileRef = 22B1CEFC1937734B00D2C294 /* JSON.m */; };
		22B1CF2F1937734B00D2C294 /* NSData+Base64.m in Sources */ = {isa = PBXBuildFile; fileRef = 22B1CEFE1937734B00D2C294 /* NSData+Base64.m */; };
		22B1CF301937734B00D2C294 /* App.m in Sources */ = {isa = PBXBuildFile; fileRef = 22B1CF021937734B00D2C294 /* App.m */; };
		22B1CF311937734B00D2C294 /* Clipboard.m in Sources */ = {isa = PBXBuildFile; fileRef = 22B1CF041937734B00D2C294 /* Clipboard.m */; };
		22B1CF321937734B00D2C294 /* Command.m in Sources */ = {isa = PBXBuildFile; fileRef = 22B1CF061937734B00D2C294 /* Command.m */; };
		22B1CF331937734B00D2C294 /* Dialog.m in Sources */ = {isa = PBXBuildFile; fileRef = 22B1CF081937734B00D2C294 /* Dialog.m */; };
		22B1CF341937734B00D2C294 /* Dock.m in Sources */ = {isa = PBXBuildFile; fileRef = 22B1CF0A1937734B00D2C294 /* Dock.m */; };
		22B1CF351937734B00D2C294 /* Event.m in Sources */ = {isa = PBXBuildFile; fileRef = 22B1CF0C1937734B00D2C294 /* Event.m */; };
		22B1CF361937734B00D2C294 /* Fonts.m in Sources */ = {isa = PBXBuildFile; fileRef = 22B1CF0E1937734B00D2C294 /* Fonts.m */; };
		22B1CF371937734B00D2C294 /* Menu.m in Sources */ = {isa = PBXBuildFile; fileRef = 22B1CF111937734B00D2C294 /* Menu.m */; };
		22B1CF381937734B00D2C294 /* MenuItem.m in Sources */ = {isa = PBXBuildFile; fileRef = 22B1CF131937734B00D2C294 /* MenuItem.m */; };
		22B1CF391937734B00D2C294 /* Notify.m in Sources */ = {isa = PBXBuildFile; fileRef = 22B1CF151937734B00D2C294 /* Notify.m */; };
		22B1CF3A1937734B00D2C294 /* StatusItem.m in Sources */ = {isa = PBXBuildFile; fileRef = 22B1CF171937734B00D2C294 /* StatusItem.m */; };
		22B1CF3B1937734B00D2C294 /* Task.m in Sources */ = {isa = PBXBuildFile; fileRef = 22B1CF191937734B00D2C294 /* Task.m */; };
		22B1CF3C1937734B00D2C294 /* Window.m in Sources */ = {isa = PBXBuildFile; fileRef = 22B1CF1B1937734B00D2C294 /* Window.m */; };
		22B1CF3D1937734B00D2C294 /* Utils.m in Sources */ = {isa = PBXBuildFile; fileRef = 22B1CF1D1937734B00D2C294 /* Utils.m */; };
		22B1CF3E1937734B00D2C294 /* WebViewDelegate.m in Sources */ = {isa = PBXBuildFile; fileRef = 22B1CF1F1937734B00D2C294 /* WebViewDelegate.m */; };
		22B1CF3F1937734B00D2C294 /* WindowController.m in Sources */ = {isa = PBXBuildFile; fileRef = 22B1CF211937734B00D2C294 /* WindowController.m */; };
		22B1CF401937734B00D2C294 /* Credits.rtf in Resources */ = {isa = PBXBuildFile; fileRef = 22B1CF231937734B00D2C294 /* Credits.rtf */; };
		22B1CF411937734B00D2C294 /* InfoPlist.strings in Resources */ = {isa = PBXBuildFile; fileRef = 22B1CF251937734B00D2C294 /* InfoPlist.strings */; };
		22B1CF421937734B00D2C294 /* Images.xcassets in Resources */ = {isa = PBXBuildFile; fileRef = 22B1CF271937734B00D2C294 /* Images.xcassets */; };
		22B1CF431937734B00D2C294 /* main.m in Sources */ = {isa = PBXBuildFile; fileRef = 22B1CF281937734B00D2C294 /* main.m */; };
		22BE36ED193B7F8800D8199F /* Defaults.m in Sources */ = {isa = PBXBuildFile; fileRef = 22BE36EC193B7F8800D8199F /* Defaults.m */; };
/* End PBXBuildFile section */

/* Begin PBXFileReference section */
		2237E646192B0177001E1393 /* SwitchHosts!.app */ = {isa = PBXFileReference; explicitFileType = wrapper.application; includeInIndex = 0; path = "SwitchHosts!.app"; sourceTree = BUILT_PRODUCTS_DIR; };
		2237E649192B0177001E1393 /* Cocoa.framework */ = {isa = PBXFileReference; lastKnownFileType = wrapper.framework; name = Cocoa.framework; path = System/Library/Frameworks/Cocoa.framework; sourceTree = SDKROOT; };
		2237E64C192B0177001E1393 /* AppKit.framework */ = {isa = PBXFileReference; lastKnownFileType = wrapper.framework; name = AppKit.framework; path = System/Library/Frameworks/AppKit.framework; sourceTree = SDKROOT; };
		2237E64D192B0177001E1393 /* CoreData.framework */ = {isa = PBXFileReference; lastKnownFileType = wrapper.framework; name = CoreData.framework; path = System/Library/Frameworks/CoreData.framework; sourceTree = SDKROOT; };
		2237E64E192B0177001E1393 /* Foundation.framework */ = {isa = PBXFileReference; lastKnownFileType = wrapper.framework; name = Foundation.framework; path = System/Library/Frameworks/Foundation.framework; sourceTree = SDKROOT; };
		2237E668192B0177001E1393 /* XCTest.framework */ = {isa = PBXFileReference; lastKnownFileType = wrapper.framework; name = XCTest.framework; path = Library/Frameworks/XCTest.framework; sourceTree = DEVELOPER_DIR; };
		2237E67D192B0186001E1393 /* WebKit.framework */ = {isa = PBXFileReference; lastKnownFileType = wrapper.framework; name = WebKit.framework; path = System/Library/Frameworks/WebKit.framework; sourceTree = SDKROOT; };
		2237E67F192B018D001E1393 /* JavaScriptCore.framework */ = {isa = PBXFileReference; lastKnownFileType = wrapper.framework; name = JavaScriptCore.framework; path = System/Library/Frameworks/JavaScriptCore.framework; sourceTree = SDKROOT; };
		2237E6EE192BAF85001E1393 /* public */ = {isa = PBXFileReference; lastKnownFileType = folder; path = public; sourceTree = "<group>"; };
		226AE65B193AA8FC00B15FB7 /* Sound.h */ = {isa = PBXFileReference; fileEncoding = 4; lastKnownFileType = sourcecode.c.h; path = Sound.h; sourceTree = "<group>"; };
		226AE65C193AA8FC00B15FB7 /* Sound.m */ = {isa = PBXFileReference; fileEncoding = 4; lastKnownFileType = sourcecode.c.objc; path = Sound.m; sourceTree = "<group>"; };
		22A676E51944B140002F81FB /* File.h */ = {isa = PBXFileReference; fileEncoding = 4; lastKnownFileType = sourcecode.c.h; path = File.h; sourceTree = "<group>"; };
		22A676E61944B140002F81FB /* File.m */ = {isa = PBXFileReference; fileEncoding = 4; lastKnownFileType = sourcecode.c.objc; path = File.m; sourceTree = "<group>"; };
		22B1CEF41937734B00D2C294 /* AppDelegate.h */ = {isa = PBXFileReference; fileEncoding = 4; lastKnownFileType = sourcecode.c.h; path = AppDelegate.h; sourceTree = "<group>"; };
		22B1CEF51937734B00D2C294 /* AppDelegate.m */ = {isa = PBXFileReference; fileEncoding = 4; lastKnownFileType = sourcecode.c.objc; path = AppDelegate.m; sourceTree = "<group>"; };
		22B1CEF71937734B00D2C294 /* Base */ = {isa = PBXFileReference; lastKnownFileType = file.xib; name = Base; path = Base.lproj/MainMenu.xib; sourceTree = "<group>"; };
		22B1CEF91937734B00D2C294 /* Base */ = {isa = PBXFileReference; lastKnownFileType = file.xib; name = Base; path = Base.lproj/MainWindow.xib; sourceTree = "<group>"; };
		22B1CEFB1937734B00D2C294 /* JSON.h */ = {isa = PBXFileReference; fileEncoding = 4; lastKnownFileType = sourcecode.c.h; path = JSON.h; sourceTree = "<group>"; };
		22B1CEFC1937734B00D2C294 /* JSON.m */ = {isa = PBXFileReference; fileEncoding = 4; lastKnownFileType = sourcecode.c.objc; path = JSON.m; sourceTree = "<group>"; };
		22B1CEFD1937734B00D2C294 /* NSData+Base64.h */ = {isa = PBXFileReference; fileEncoding = 4; lastKnownFileType = sourcecode.c.h; path = "NSData+Base64.h"; sourceTree = "<group>"; };
		22B1CEFE1937734B00D2C294 /* NSData+Base64.m */ = {isa = PBXFileReference; fileEncoding = 4; lastKnownFileType = sourcecode.c.objc; path = "NSData+Base64.m"; sourceTree = "<group>"; };
		22B1CF011937734B00D2C294 /* App.h */ = {isa = PBXFileReference; fileEncoding = 4; lastKnownFileType = sourcecode.c.h; path = App.h; sourceTree = "<group>"; };
		22B1CF021937734B00D2C294 /* App.m */ = {isa = PBXFileReference; fileEncoding = 4; lastKnownFileType = sourcecode.c.objc; path = App.m; sourceTree = "<group>"; };
		22B1CF031937734B00D2C294 /* Clipboard.h */ = {isa = PBXFileReference; fileEncoding = 4; lastKnownFileType = sourcecode.c.h; path = Clipboard.h; sourceTree = "<group>"; };
		22B1CF041937734B00D2C294 /* Clipboard.m */ = {isa = PBXFileReference; fileEncoding = 4; lastKnownFileType = sourcecode.c.objc; path = Clipboard.m; sourceTree = "<group>"; };
		22B1CF051937734B00D2C294 /* Command.h */ = {isa = PBXFileReference; fileEncoding = 4; lastKnownFileType = sourcecode.c.h; path = Command.h; sourceTree = "<group>"; };
		22B1CF061937734B00D2C294 /* Command.m */ = {isa = PBXFileReference; fileEncoding = 4; lastKnownFileType = sourcecode.c.objc; path = Command.m; sourceTree = "<group>"; };
		22B1CF071937734B00D2C294 /* Dialog.h */ = {isa = PBXFileReference; fileEncoding = 4; lastKnownFileType = sourcecode.c.h; path = Dialog.h; sourceTree = "<group>"; };
		22B1CF081937734B00D2C294 /* Dialog.m */ = {isa = PBXFileReference; fileEncoding = 4; lastKnownFileType = sourcecode.c.objc; path = Dialog.m; sourceTree = "<group>"; };
		22B1CF091937734B00D2C294 /* Dock.h */ = {isa = PBXFileReference; fileEncoding = 4; lastKnownFileType = sourcecode.c.h; path = Dock.h; sourceTree = "<group>"; };
		22B1CF0A1937734B00D2C294 /* Dock.m */ = {isa = PBXFileReference; fileEncoding = 4; lastKnownFileType = sourcecode.c.objc; path = Dock.m; sourceTree = "<group>"; };
		22B1CF0B1937734B00D2C294 /* Event.h */ = {isa = PBXFileReference; fileEncoding = 4; lastKnownFileType = sourcecode.c.h; path = Event.h; sourceTree = "<group>"; };
		22B1CF0C1937734B00D2C294 /* Event.m */ = {isa = PBXFileReference; fileEncoding = 4; lastKnownFileType = sourcecode.c.objc; path = Event.m; sourceTree = "<group>"; };
		22B1CF0D1937734B00D2C294 /* Fonts.h */ = {isa = PBXFileReference; fileEncoding = 4; lastKnownFileType = sourcecode.c.h; path = Fonts.h; sourceTree = "<group>"; };
		22B1CF0E1937734B00D2C294 /* Fonts.m */ = {isa = PBXFileReference; fileEncoding = 4; lastKnownFileType = sourcecode.c.objc; path = Fonts.m; sourceTree = "<group>"; };
		22B1CF0F1937734B00D2C294 /* MacGap.h */ = {isa = PBXFileReference; fileEncoding = 4; lastKnownFileType = sourcecode.c.h; path = MacGap.h; sourceTree = "<group>"; };
		22B1CF101937734B00D2C294 /* Menu.h */ = {isa = PBXFileReference; fileEncoding = 4; lastKnownFileType = sourcecode.c.h; path = Menu.h; sourceTree = "<group>"; };
		22B1CF111937734B00D2C294 /* Menu.m */ = {isa = PBXFileReference; fileEncoding = 4; lastKnownFileType = sourcecode.c.objc; path = Menu.m; sourceTree = "<group>"; };
		22B1CF121937734B00D2C294 /* MenuItem.h */ = {isa = PBXFileReference; fileEncoding = 4; lastKnownFileType = sourcecode.c.h; path = MenuItem.h; sourceTree = "<group>"; };
		22B1CF131937734B00D2C294 /* MenuItem.m */ = {isa = PBXFileReference; fileEncoding = 4; lastKnownFileType = sourcecode.c.objc; path = MenuItem.m; sourceTree = "<group>"; };
		22B1CF141937734B00D2C294 /* Notify.h */ = {isa = PBXFileReference; fileEncoding = 4; lastKnownFileType = sourcecode.c.h; path = Notify.h; sourceTree = "<group>"; };
		22B1CF151937734B00D2C294 /* Notify.m */ = {isa = PBXFileReference; fileEncoding = 4; lastKnownFileType = sourcecode.c.objc; path = Notify.m; sourceTree = "<group>"; };
		22B1CF161937734B00D2C294 /* StatusItem.h */ = {isa = PBXFileReference; fileEncoding = 4; lastKnownFileType = sourcecode.c.h; path = StatusItem.h; sourceTree = "<group>"; };
		22B1CF171937734B00D2C294 /* StatusItem.m */ = {isa = PBXFileReference; fileEncoding = 4; lastKnownFileType = sourcecode.c.objc; path = StatusItem.m; sourceTree = "<group>"; };
		22B1CF181937734B00D2C294 /* Task.h */ = {isa = PBXFileReference; fileEncoding = 4; lastKnownFileType = sourcecode.c.h; path = Task.h; sourceTree = "<group>"; };
		22B1CF191937734B00D2C294 /* Task.m */ = {isa = PBXFileReference; fileEncoding = 4; lastKnownFileType = sourcecode.c.objc; path = Task.m; sourceTree = "<group>"; };
		22B1CF1A1937734B00D2C294 /* Window.h */ = {isa = PBXFileReference; fileEncoding = 4; lastKnownFileType = sourcecode.c.h; path = Window.h; sourceTree = "<group>"; };
		22B1CF1B1937734B00D2C294 /* Window.m */ = {isa = PBXFileReference; fileEncoding = 4; lastKnownFileType = sourcecode.c.objc; path = Window.m; sourceTree = "<group>"; };
		22B1CF1C1937734B00D2C294 /* Utils.h */ = {isa = PBXFileReference; fileEncoding = 4; lastKnownFileType = sourcecode.c.h; path = Utils.h; sourceTree = "<group>"; };
		22B1CF1D1937734B00D2C294 /* Utils.m */ = {isa = PBXFileReference; fileEncoding = 4; lastKnownFileType = sourcecode.c.objc; path = Utils.m; sourceTree = "<group>"; };
		22B1CF1E1937734B00D2C294 /* WebViewDelegate.h */ = {isa = PBXFileReference; fileEncoding = 4; lastKnownFileType = sourcecode.c.h; path = WebViewDelegate.h; sourceTree = "<group>"; };
		22B1CF1F1937734B00D2C294 /* WebViewDelegate.m */ = {isa = PBXFileReference; fileEncoding = 4; lastKnownFileType = sourcecode.c.objc; path = WebViewDelegate.m; sourceTree = "<group>"; };
		22B1CF201937734B00D2C294 /* WindowController.h */ = {isa = PBXFileReference; fileEncoding = 4; lastKnownFileType = sourcecode.c.h; path = WindowController.h; sourceTree = "<group>"; };
		22B1CF211937734B00D2C294 /* WindowController.m */ = {isa = PBXFileReference; fileEncoding = 4; lastKnownFileType = sourcecode.c.objc; path = WindowController.m; sourceTree = "<group>"; };
		22B1CF221937734B00D2C294 /* Constants.h */ = {isa = PBXFileReference; fileEncoding = 4; lastKnownFileType = sourcecode.c.h; path = Constants.h; sourceTree = "<group>"; };
		22B1CF241937734B00D2C294 /* en */ = {isa = PBXFileReference; lastKnownFileType = text.rtf; name = en; path = en.lproj/Credits.rtf; sourceTree = "<group>"; };
		22B1CF261937734B00D2C294 /* en */ = {isa = PBXFileReference; lastKnownFileType = text.plist.strings; name = en; path = en.lproj/InfoPlist.strings; sourceTree = "<group>"; };
		22B1CF271937734B00D2C294 /* Images.xcassets */ = {isa = PBXFileReference; lastKnownFileType = folder.assetcatalog; path = Images.xcassets; sourceTree = "<group>"; };
		22B1CF281937734B00D2C294 /* main.m */ = {isa = PBXFileReference; fileEncoding = 4; lastKnownFileType = sourcecode.c.objc; path = main.m; sourceTree = "<group>"; };
		22B1CF291937734B00D2C294 /* SwitchHosts!-Info.plist */ = {isa = PBXFileReference; fileEncoding = 4; lastKnownFileType = text.plist.xml; path = "SwitchHosts!-Info.plist"; sourceTree = "<group>"; };
		22B1CF2A1937734B00D2C294 /* SwitchHosts!-Prefix.pch */ = {isa = PBXFileReference; fileEncoding = 4; lastKnownFileType = sourcecode.c.h; path = "SwitchHosts!-Prefix.pch"; sourceTree = "<group>"; };
		22BE36EB193B7F8800D8199F /* Defaults.h */ = {isa = PBXFileReference; fileEncoding = 4; lastKnownFileType = sourcecode.c.h; path = Defaults.h; sourceTree = "<group>"; };
		22BE36EC193B7F8800D8199F /* Defaults.m */ = {isa = PBXFileReference; fileEncoding = 4; lastKnownFileType = sourcecode.c.objc; path = Defaults.m; sourceTree = "<group>"; };
/* End PBXFileReference section */

/* Begin PBXFrameworksBuildPhase section */
		2237E643192B0177001E1393 /* Frameworks */ = {
			isa = PBXFrameworksBuildPhase;
			buildActionMask = 2147483647;
			files = (
				2237E680192B018D001E1393 /* JavaScriptCore.framework in Frameworks */,
				2237E67E192B0186001E1393 /* WebKit.framework in Frameworks */,
				2237E64A192B0177001E1393 /* Cocoa.framework in Frameworks */,
			);
			runOnlyForDeploymentPostprocessing = 0;
		};
/* End PBXFrameworksBuildPhase section */

/* Begin PBXGroup section */
		2237E63D192B0177001E1393 = {
			isa = PBXGroup;
			children = (
				2237E6EE192BAF85001E1393 /* public */,
				22B1CEF31937734B00D2C294 /* MacGap */,
				2237E648192B0177001E1393 /* Frameworks */,
				2237E647192B0177001E1393 /* Products */,
			);
			sourceTree = "<group>";
		};
		2237E647192B0177001E1393 /* Products */ = {
			isa = PBXGroup;
			children = (
				2237E646192B0177001E1393 /* SwitchHosts!.app */,
			);
			name = Products;
			sourceTree = "<group>";
		};
		2237E648192B0177001E1393 /* Frameworks */ = {
			isa = PBXGroup;
			children = (
				2237E67F192B018D001E1393 /* JavaScriptCore.framework */,
				2237E67D192B0186001E1393 /* WebKit.framework */,
				2237E649192B0177001E1393 /* Cocoa.framework */,
				2237E668192B0177001E1393 /* XCTest.framework */,
				2237E64B192B0177001E1393 /* Other Frameworks */,
			);
			name = Frameworks;
			sourceTree = "<group>";
		};
		2237E64B192B0177001E1393 /* Other Frameworks */ = {
			isa = PBXGroup;
			children = (
				2237E64C192B0177001E1393 /* AppKit.framework */,
				2237E64D192B0177001E1393 /* CoreData.framework */,
				2237E64E192B0177001E1393 /* Foundation.framework */,
			);
			name = "Other Frameworks";
			sourceTree = "<group>";
		};
		22B1CEF31937734B00D2C294 /* MacGap */ = {
			isa = PBXGroup;
			children = (
				22B1CEF41937734B00D2C294 /* AppDelegate.h */,
				22B1CEF51937734B00D2C294 /* AppDelegate.m */,
				22B1CEFA1937734B00D2C294 /* Categories */,
				22B1CEFF1937734B00D2C294 /* Classes */,
				22B1CF221937734B00D2C294 /* Constants.h */,
				22B1CF46193773BA00D2C294 /* Interface Builder */,
				22B1CF45193773A400D2C294 /* Supporting Files */,
			);
			path = MacGap;
			sourceTree = "<group>";
		};
		22B1CEFA1937734B00D2C294 /* Categories */ = {
			isa = PBXGroup;
			children = (
				22B1CEFB1937734B00D2C294 /* JSON.h */,
				22B1CEFC1937734B00D2C294 /* JSON.m */,
				22B1CEFD1937734B00D2C294 /* NSData+Base64.h */,
				22B1CEFE1937734B00D2C294 /* NSData+Base64.m */,
			);
			path = Categories;
			sourceTree = "<group>";
		};
		22B1CEFF1937734B00D2C294 /* Classes */ = {
			isa = PBXGroup;
			children = (
				22B1CF001937734B00D2C294 /* Commands */,
				22B1CF1C1937734B00D2C294 /* Utils.h */,
				22B1CF1D1937734B00D2C294 /* Utils.m */,
				22B1CF1E1937734B00D2C294 /* WebViewDelegate.h */,
				22B1CF1F1937734B00D2C294 /* WebViewDelegate.m */,
				22B1CF201937734B00D2C294 /* WindowController.h */,
				22B1CF211937734B00D2C294 /* WindowController.m */,
			);
			path = Classes;
			sourceTree = "<group>";
		};
		22B1CF001937734B00D2C294 /* Commands */ = {
			isa = PBXGroup;
			children = (
				22B1CF011937734B00D2C294 /* App.h */,
				22B1CF021937734B00D2C294 /* App.m */,
				22B1CF031937734B00D2C294 /* Clipboard.h */,
				22B1CF041937734B00D2C294 /* Clipboard.m */,
				22B1CF051937734B00D2C294 /* Command.h */,
				22B1CF061937734B00D2C294 /* Command.m */,
				22B1CF071937734B00D2C294 /* Dialog.h */,
				22B1CF081937734B00D2C294 /* Dialog.m */,
				22B1CF091937734B00D2C294 /* Dock.h */,
				22B1CF0A1937734B00D2C294 /* Dock.m */,
				22B1CF0B1937734B00D2C294 /* Event.h */,
				22B1CF0C1937734B00D2C294 /* Event.m */,
				22B1CF0D1937734B00D2C294 /* Fonts.h */,
				22B1CF0E1937734B00D2C294 /* Fonts.m */,
				22B1CF0F1937734B00D2C294 /* MacGap.h */,
				22B1CF101937734B00D2C294 /* Menu.h */,
				22B1CF111937734B00D2C294 /* Menu.m */,
				22B1CF121937734B00D2C294 /* MenuItem.h */,
				22B1CF131937734B00D2C294 /* MenuItem.m */,
				22B1CF141937734B00D2C294 /* Notify.h */,
				22B1CF151937734B00D2C294 /* Notify.m */,
				22B1CF161937734B00D2C294 /* StatusItem.h */,
				22B1CF171937734B00D2C294 /* StatusItem.m */,
				22B1CF181937734B00D2C294 /* Task.h */,
				22B1CF191937734B00D2C294 /* Task.m */,
				22B1CF1A1937734B00D2C294 /* Window.h */,
				22B1CF1B1937734B00D2C294 /* Window.m */,
				226AE65B193AA8FC00B15FB7 /* Sound.h */,
				226AE65C193AA8FC00B15FB7 /* Sound.m */,
				22BE36EB193B7F8800D8199F /* Defaults.h */,
				22BE36EC193B7F8800D8199F /* Defaults.m */,
				22A676E51944B140002F81FB /* File.h */,
				22A676E61944B140002F81FB /* File.m */,
			);
			path = Commands;
			sourceTree = "<group>";
		};
		22B1CF45193773A400D2C294 /* Supporting Files */ = {
			isa = PBXGroup;
			children = (
				22B1CF231937734B00D2C294 /* Credits.rtf */,
				22B1CF251937734B00D2C294 /* InfoPlist.strings */,
				22B1CF271937734B00D2C294 /* Images.xcassets */,
				22B1CF281937734B00D2C294 /* main.m */,
				22B1CF291937734B00D2C294 /* SwitchHosts!-Info.plist */,
				22B1CF2A1937734B00D2C294 /* SwitchHosts!-Prefix.pch */,
			);
			name = "Supporting Files";
			sourceTree = "<group>";
		};
		22B1CF46193773BA00D2C294 /* Interface Builder */ = {
			isa = PBXGroup;
			children = (
				22B1CEF61937734B00D2C294 /* MainMenu.xib */,
				22B1CEF81937734B00D2C294 /* MainWindow.xib */,
			);
			name = "Interface Builder";
			sourceTree = "<group>";
		};
/* End PBXGroup section */

/* Begin PBXNativeTarget section */
		2237E645192B0177001E1393 /* SwitchHosts! */ = {
			isa = PBXNativeTarget;
			buildConfigurationList = 2237E677192B0177001E1393 /* Build configuration list for PBXNativeTarget "SwitchHosts!" */;
			buildPhases = (
				2237E642192B0177001E1393 /* Sources */,
				2237E643192B0177001E1393 /* Frameworks */,
				2237E644192B0177001E1393 /* Resources */,
			);
			buildRules = (
			);
			dependencies = (
			);
			name = "SwitchHosts!";
			productName = MG;
			productReference = 2237E646192B0177001E1393 /* SwitchHosts!.app */;
			productType = "com.apple.product-type.application";
		};
/* End PBXNativeTarget section */

/* Begin PBXProject section */
		2237E63E192B0177001E1393 /* Project object */ = {
			isa = PBXProject;
			attributes = {
				LastUpgradeCheck = 0510;
			};
			buildConfigurationList = 2237E641192B0177001E1393 /* Build configuration list for PBXProject "SwitchHosts!" */;
			compatibilityVersion = "Xcode 3.2";
			developmentRegion = English;
			hasScannedForEncodings = 0;
			knownRegions = (
				en,
				Base,
			);
			mainGroup = 2237E63D192B0177001E1393;
			productRefGroup = 2237E647192B0177001E1393 /* Products */;
			projectDirPath = "";
			projectRoot = "";
			targets = (
				2237E645192B0177001E1393 /* SwitchHosts! */,
			);
		};
/* End PBXProject section */

/* Begin PBXResourcesBuildPhase section */
		2237E644192B0177001E1393 /* Resources */ = {
			isa = PBXResourcesBuildPhase;
			buildActionMask = 2147483647;
			files = (
				2237E6EF192BAF85001E1393 /* public in Resources */,
				22B1CF401937734B00D2C294 /* Credits.rtf in Resources */,
				22B1CF421937734B00D2C294 /* Images.xcassets in Resources */,
				22B1CF2D1937734B00D2C294 /* MainWindow.xib in Resources */,
				22B1CF2C1937734B00D2C294 /* MainMenu.xib in Resources */,
				22B1CF411937734B00D2C294 /* InfoPlist.strings in Resources */,
			);
			runOnlyForDeploymentPostprocessing = 0;
		};
/* End PBXResourcesBuildPhase section */

/* Begin PBXSourcesBuildPhase section */
		2237E642192B0177001E1393 /* Sources */ = {
			isa = PBXSourcesBuildPhase;
			buildActionMask = 2147483647;
			files = (
				22B1CF3B1937734B00D2C294 /* Task.m in Sources */,
				22B1CF341937734B00D2C294 /* Dock.m in Sources */,
				22B1CF2E1937734B00D2C294 /* JSON.m in Sources */,
				22BE36ED193B7F8800D8199F /* Defaults.m in Sources */,
				22B1CF381937734B00D2C294 /* MenuItem.m in Sources */,
				22B1CF301937734B00D2C294 /* App.m in Sources */,
				22B1CF371937734B00D2C294 /* Menu.m in Sources */,
				22A676E71944B140002F81FB /* File.m in Sources */,
				22B1CF3C1937734B00D2C294 /* Window.m in Sources */,
				22B1CF3F1937734B00D2C294 /* WindowController.m in Sources */,
				22B1CF3D1937734B00D2C294 /* Utils.m in Sources */,
				22B1CF3E1937734B00D2C294 /* WebViewDelegate.m in Sources */,
				22B1CF3A1937734B00D2C294 /* StatusItem.m in Sources */,
				22B1CF311937734B00D2C294 /* Clipboard.m in Sources */,
				22B1CF2F1937734B00D2C294 /* NSData+Base64.m in Sources */,
				22B1CF431937734B00D2C294 /* main.m in Sources */,
				22B1CF321937734B00D2C294 /* Command.m in Sources */,
				226AE65D193AA8FC00B15FB7 /* Sound.m in Sources */,
				22B1CF331937734B00D2C294 /* Dialog.m in Sources */,
				22B1CF361937734B00D2C294 /* Fonts.m in Sources */,
				22B1CF2B1937734B00D2C294 /* AppDelegate.m in Sources */,
				22B1CF391937734B00D2C294 /* Notify.m in Sources */,
				22B1CF351937734B00D2C294 /* Event.m in Sources */,
			);
			runOnlyForDeploymentPostprocessing = 0;
		};
/* End PBXSourcesBuildPhase section */

/* Begin PBXVariantGroup section */
		22B1CEF61937734B00D2C294 /* MainMenu.xib */ = {
			isa = PBXVariantGroup;
			children = (
				22B1CEF71937734B00D2C294 /* Base */,
			);
			name = MainMenu.xib;
			sourceTree = "<group>";
		};
		22B1CEF81937734B00D2C294 /* MainWindow.xib */ = {
			isa = PBXVariantGroup;
			children = (
				22B1CEF91937734B00D2C294 /* Base */,
			);
			name = MainWindow.xib;
			sourceTree = "<group>";
		};
		22B1CF231937734B00D2C294 /* Credits.rtf */ = {
			isa = PBXVariantGroup;
			children = (
				22B1CF241937734B00D2C294 /* en */,
			);
			name = Credits.rtf;
			sourceTree = "<group>";
		};
		22B1CF251937734B00D2C294 /* InfoPlist.strings */ = {
			isa = PBXVariantGroup;
			children = (
				22B1CF261937734B00D2C294 /* en */,
			);
			name = InfoPlist.strings;
			sourceTree = "<group>";
		};
/* End PBXVariantGroup section */

/* Begin XCBuildConfiguration section */
		2237E675192B0177001E1393 /* Debug */ = {
			isa = XCBuildConfiguration;
			buildSettings = {
				ALWAYS_SEARCH_USER_PATHS = NO;
				CLANG_CXX_LANGUAGE_STANDARD = "gnu++0x";
				CLANG_CXX_LIBRARY = "libc++";
				CLANG_ENABLE_MODULES = YES;
				CLANG_ENABLE_OBJC_ARC = YES;
				CLANG_WARN_BOOL_CONVERSION = YES;
				CLANG_WARN_CONSTANT_CONVERSION = YES;
				CLANG_WARN_DIRECT_OBJC_ISA_USAGE = YES_ERROR;
				CLANG_WARN_EMPTY_BODY = YES;
				CLANG_WARN_ENUM_CONVERSION = YES;
				CLANG_WARN_INT_CONVERSION = YES;
				CLANG_WARN_OBJC_ROOT_CLASS = YES_ERROR;
				CLANG_WARN__DUPLICATE_METHOD_MATCH = YES;
				COPY_PHASE_STRIP = NO;
				CURRENT_PROJECT_VERSION = 2510;
				DEBUG_INFORMATION_FORMAT = "dwarf-with-dsym";
				GCC_C_LANGUAGE_STANDARD = gnu99;
				GCC_DYNAMIC_NO_PIC = NO;
				GCC_ENABLE_OBJC_EXCEPTIONS = YES;
				GCC_OPTIMIZATION_LEVEL = 0;
				GCC_PREPROCESSOR_DEFINITIONS = (
					"DEBUG=1",
					"$(inherited)",
				);
				GCC_SYMBOLS_PRIVATE_EXTERN = NO;
				GCC_WARN_64_TO_32_BIT_CONVERSION = YES;
				GCC_WARN_ABOUT_RETURN_TYPE = YES_ERROR;
				GCC_WARN_UNDECLARED_SELECTOR = YES;
				GCC_WARN_UNINITIALIZED_AUTOS = YES_AGGRESSIVE;
				GCC_WARN_UNUSED_FUNCTION = YES;
				GCC_WARN_UNUSED_VARIABLE = YES;
				MACOSX_DEPLOYMENT_TARGET = 10.9;
				ONLY_ACTIVE_ARCH = YES;
				SDKROOT = macosx;
				VERSIONING_SYSTEM = "apple-generic";
			};
			name = Debug;
		};
		2237E676192B0177001E1393 /* Release */ = {
			isa = XCBuildConfiguration;
			buildSettings = {
				ALWAYS_SEARCH_USER_PATHS = NO;
				CLANG_CXX_LANGUAGE_STANDARD = "gnu++0x";
				CLANG_CXX_LIBRARY = "libc++";
				CLANG_ENABLE_MODULES = YES;
				CLANG_ENABLE_OBJC_ARC = YES;
				CLANG_WARN_BOOL_CONVERSION = YES;
				CLANG_WARN_CONSTANT_CONVERSION = YES;
				CLANG_WARN_DIRECT_OBJC_ISA_USAGE = YES_ERROR;
				CLANG_WARN_EMPTY_BODY = YES;
				CLANG_WARN_ENUM_CONVERSION = YES;
				CLANG_WARN_INT_CONVERSION = YES;
				CLANG_WARN_OBJC_ROOT_CLASS = YES_ERROR;
				CLANG_WARN__DUPLICATE_METHOD_MATCH = YES;
				COPY_PHASE_STRIP = YES;
				CURRENT_PROJECT_VERSION = 2510;
				DEBUG_INFORMATION_FORMAT = "dwarf-with-dsym";
				ENABLE_NS_ASSERTIONS = NO;
				GCC_C_LANGUAGE_STANDARD = gnu99;
				GCC_ENABLE_OBJC_EXCEPTIONS = YES;
				GCC_WARN_64_TO_32_BIT_CONVERSION = YES;
				GCC_WARN_ABOUT_RETURN_TYPE = YES_ERROR;
				GCC_WARN_UNDECLARED_SELECTOR = YES;
				GCC_WARN_UNINITIALIZED_AUTOS = YES_AGGRESSIVE;
				GCC_WARN_UNUSED_FUNCTION = YES;
				GCC_WARN_UNUSED_VARIABLE = YES;
				MACOSX_DEPLOYMENT_TARGET = 10.9;
				ONLY_ACTIVE_ARCH = NO;
				SDKROOT = macosx;
				VERSIONING_SYSTEM = "apple-generic";
			};
			name = Release;
		};
		2237E678192B0177001E1393 /* Debug */ = {
			isa = XCBuildConfiguration;
			buildSettings = {
				ASSETCATALOG_COMPILER_APPICON_NAME = AppIcon;
				COMBINE_HIDPI_IMAGES = YES;
				GCC_PRECOMPILE_PREFIX_HEADER = YES;
				GCC_PREFIX_HEADER = "MacGap/SwitchHosts!-Prefix.pch";
				INFOPLIST_FILE = "MacGap/SwitchHosts!-Info.plist";
				PRODUCT_BUNDLE_IDENTIFIER = net.oldj.switchhosts;
				PRODUCT_NAME = "SwitchHosts!";
				WRAPPER_EXTENSION = app;
			};
			name = Debug;
		};
		2237E679192B0177001E1393 /* Release */ = {
			isa = XCBuildConfiguration;
			buildSettings = {
				ASSETCATALOG_COMPILER_APPICON_NAME = AppIcon;
				COMBINE_HIDPI_IMAGES = YES;
				GCC_PRECOMPILE_PREFIX_HEADER = YES;
				GCC_PREFIX_HEADER = "MacGap/SwitchHosts!-Prefix.pch";
				INFOPLIST_FILE = "MacGap/SwitchHosts!-Info.plist";
				PRODUCT_BUNDLE_IDENTIFIER = net.oldj.switchhosts;
				PRODUCT_NAME = "SwitchHosts!";
				WRAPPER_EXTENSION = app;
			};
			name = Release;
		};
/* End XCBuildConfiguration section */

/* Begin XCConfigurationList section */
		2237E641192B0177001E1393 /* Build configuration list for PBXProject "SwitchHosts!" */ = {
			isa = XCConfigurationList;
			buildConfigurations = (
				2237E675192B0177001E1393 /* Debug */,
				2237E676192B0177001E1393 /* Release */,
			);
			defaultConfigurationIsVisible = 0;
			defaultConfigurationName = Release;
		};
		2237E677192B0177001E1393 /* Build configuration list for PBXNativeTarget "SwitchHosts!" */ = {
			isa = XCConfigurationList;
			buildConfigurations = (
				2237E678192B0177001E1393 /* Debug */,
				2237E679192B0177001E1393 /* Release */,
			);
			defaultConfigurationIsVisible = 0;
			defaultConfigurationName = Release;
		};
/* End XCConfigurationList section */
	};
	rootObject = 2237E63E192B0177001E1393 /* Project object */;
}
